// !$*UTF8*$!
{
	archiveVersion = 1;
	classes = {
	};
	objectVersion = 55;
	objects = {

/* Begin PBXBuildFile section */
		8D7E809F2A21077300D54AF8 /* AppDelegate.swift in Sources */ = {isa = PBXBuildFile; fileRef = 8D7E809E2A21077300D54AF8 /* AppDelegate.swift */; };
		8D7E80A12A21077300D54AF8 /* SceneDelegate.swift in Sources */ = {isa = PBXBuildFile; fileRef = 8D7E80A02A21077300D54AF8 /* SceneDelegate.swift */; };
		8D7E80A32A21077300D54AF8 /* ViewController.swift in Sources */ = {isa = PBXBuildFile; fileRef = 8D7E80A22A21077300D54AF8 /* ViewController.swift */; };
		8D7E80A62A21077300D54AF8 /* Main.storyboard in Resources */ = {isa = PBXBuildFile; fileRef = 8D7E80A42A21077300D54AF8 /* Main.storyboard */; };
		8D7E80A82A21077500D54AF8 /* Assets.xcassets in Resources */ = {isa = PBXBuildFile; fileRef = 8D7E80A72A21077500D54AF8 /* Assets.xcassets */; };
		8D7E80AB2A21077500D54AF8 /* LaunchScreen.storyboard in Resources */ = {isa = PBXBuildFile; fileRef = 8D7E80A92A21077500D54AF8 /* LaunchScreen.storyboard */; };
		8D7E80B72A24DEAF00D54AF8 /* TabbarController.swift in Sources */ = {isa = PBXBuildFile; fileRef = 8D7E80B62A24DEAF00D54AF8 /* TabbarController.swift */; };
		8D7E80B92A24E0BB00D54AF8 /* DigitalSkillsVC.swift in Sources */ = {isa = PBXBuildFile; fileRef = 8D7E80B82A24E0BB00D54AF8 /* DigitalSkillsVC.swift */; };
		8D7E80BC2A24E10000D54AF8 /* MakeAppsVC.swift in Sources */ = {isa = PBXBuildFile; fileRef = 8D7E80BB2A24E10000D54AF8 /* MakeAppsVC.swift */; };
		8D7E80BE2A24E19800D54AF8 /* DailyRoutineVC.swift in Sources */ = {isa = PBXBuildFile; fileRef = 8D7E80BD2A24E19800D54AF8 /* DailyRoutineVC.swift */; };
		8D7E80C02A25296200D54AF8 /* FeedBackVC.swift in Sources */ = {isa = PBXBuildFile; fileRef = 8D7E80BF2A25296100D54AF8 /* FeedBackVC.swift */; };
/* End PBXBuildFile section */

/* Begin PBXFileReference section */
		8D7E809B2A21077300D54AF8 /* MyCV.app */ = {isa = PBXFileReference; explicitFileType = wrapper.application; includeInIndex = 0; path = MyCV.app; sourceTree = BUILT_PRODUCTS_DIR; };
		8D7E809E2A21077300D54AF8 /* AppDelegate.swift */ = {isa = PBXFileReference; lastKnownFileType = sourcecode.swift; path = AppDelegate.swift; sourceTree = "<group>"; };
		8D7E80A02A21077300D54AF8 /* SceneDelegate.swift */ = {isa = PBXFileReference; lastKnownFileType = sourcecode.swift; path = SceneDelegate.swift; sourceTree = "<group>"; };
		8D7E80A22A21077300D54AF8 /* ViewController.swift */ = {isa = PBXFileReference; lastKnownFileType = sourcecode.swift; path = ViewController.swift; sourceTree = "<group>"; };
		8D7E80A52A21077300D54AF8 /* Base */ = {isa = PBXFileReference; lastKnownFileType = file.storyboard; name = Base; path = Base.lproj/Main.storyboard; sourceTree = "<group>"; };
		8D7E80A72A21077500D54AF8 /* Assets.xcassets */ = {isa = PBXFileReference; lastKnownFileType = folder.assetcatalog; path = Assets.xcassets; sourceTree = "<group>"; };
		8D7E80AA2A21077500D54AF8 /* Base */ = {isa = PBXFileReference; lastKnownFileType = file.storyboard; name = Base; path = Base.lproj/LaunchScreen.storyboard; sourceTree = "<group>"; };
		8D7E80AC2A21077500D54AF8 /* Info.plist */ = {isa = PBXFileReference; lastKnownFileType = text.plist.xml; path = Info.plist; sourceTree = "<group>"; };
		8D7E80B62A24DEAF00D54AF8 /* TabbarController.swift */ = {isa = PBXFileReference; lastKnownFileType = sourcecode.swift; path = TabbarController.swift; sourceTree = "<group>"; };
		8D7E80B82A24E0BB00D54AF8 /* DigitalSkillsVC.swift */ = {isa = PBXFileReference; lastKnownFileType = sourcecode.swift; path = DigitalSkillsVC.swift; sourceTree = "<group>"; };
		8D7E80BB2A24E10000D54AF8 /* MakeAppsVC.swift */ = {isa = PBXFileReference; lastKnownFileType = sourcecode.swift; path = MakeAppsVC.swift; sourceTree = "<group>"; };
		8D7E80BD2A24E19800D54AF8 /* DailyRoutineVC.swift */ = {isa = PBXFileReference; lastKnownFileType = sourcecode.swift; path = DailyRoutineVC.swift; sourceTree = "<group>"; };
		8D7E80BF2A25296100D54AF8 /* FeedBackVC.swift */ = {isa = PBXFileReference; lastKnownFileType = sourcecode.swift; path = FeedBackVC.swift; sourceTree = "<group>"; };
/* End PBXFileReference section */

/* Begin PBXFrameworksBuildPhase section */
		8D7E80982A21077300D54AF8 /* Frameworks */ = {
			isa = PBXFrameworksBuildPhase;
			buildActionMask = 2147483647;
			files = (
			);
			runOnlyForDeploymentPostprocessing = 0;
		};
/* End PBXFrameworksBuildPhase section */

/* Begin PBXGroup section */
		8D7E80922A21077300D54AF8 = {
			isa = PBXGroup;
			children = (
				8D7E809D2A21077300D54AF8 /* MyCV */,
				8D7E809C2A21077300D54AF8 /* Products */,
			);
			sourceTree = "<group>";
		};
		8D7E809C2A21077300D54AF8 /* Products */ = {
			isa = PBXGroup;
			children = (
				8D7E809B2A21077300D54AF8 /* MyCV.app */,
			);
			name = Products;
			sourceTree = "<group>";
		};
		8D7E809D2A21077300D54AF8 /* MyCV */ = {
			isa = PBXGroup;
			children = (
				8D7E80BA2A24E0D300D54AF8 /* Tabbar Tools */,
				8D7E809E2A21077300D54AF8 /* AppDelegate.swift */,
				8D7E80A02A21077300D54AF8 /* SceneDelegate.swift */,
				8D7E80A22A21077300D54AF8 /* ViewController.swift */,
				8D7E80B62A24DEAF00D54AF8 /* TabbarController.swift */,
				8D7E80BF2A25296100D54AF8 /* FeedBackVC.swift */,
				8D7E80BD2A24E19800D54AF8 /* DailyRoutineVC.swift */,
				8D7E80A42A21077300D54AF8 /* Main.storyboard */,
				8D7E80A72A21077500D54AF8 /* Assets.xcassets */,
				8D7E80A92A21077500D54AF8 /* LaunchScreen.storyboard */,
				8D7E80AC2A21077500D54AF8 /* Info.plist */,
			);
			path = MyCV;
			sourceTree = "<group>";
		};
		8D7E80BA2A24E0D300D54AF8 /* Tabbar Tools */ = {
			isa = PBXGroup;
			children = (
				8D7E80B82A24E0BB00D54AF8 /* DigitalSkillsVC.swift */,
				8D7E80BB2A24E10000D54AF8 /* MakeAppsVC.swift */,
			);
			path = "Tabbar Tools";
			sourceTree = "<group>";
		};
/* End PBXGroup section */

/* Begin PBXNativeTarget section */
		8D7E809A2A21077300D54AF8 /* MyCV */ = {
			isa = PBXNativeTarget;
			buildConfigurationList = 8D7E80AF2A21077500D54AF8 /* Build configuration list for PBXNativeTarget "MyCV" */;
			buildPhases = (
				8D7E80972A21077300D54AF8 /* Sources */,
				8D7E80982A21077300D54AF8 /* Frameworks */,
				8D7E80992A21077300D54AF8 /* Resources */,
			);
			buildRules = (
			);
			dependencies = (
			);
			name = MyCV;
			productName = MyCV;
			productReference = 8D7E809B2A21077300D54AF8 /* MyCV.app */;
			productType = "com.apple.product-type.application";
		};
/* End PBXNativeTarget section */

/* Begin PBXProject section */
		8D7E80932A21077300D54AF8 /* Project object */ = {
			isa = PBXProject;
			attributes = {
				BuildIndependentTargetsInParallel = 1;
				LastSwiftUpdateCheck = 1340;
				LastUpgradeCheck = 1340;
				TargetAttributes = {
					8D7E809A2A21077300D54AF8 = {
						CreatedOnToolsVersion = 13.4.1;
					};
				};
			};
			buildConfigurationList = 8D7E80962A21077300D54AF8 /* Build configuration list for PBXProject "MyCV" */;
			compatibilityVersion = "Xcode 13.0";
			developmentRegion = en;
			hasScannedForEncodings = 0;
			knownRegions = (
				en,
				Base,
			);
			mainGroup = 8D7E80922A21077300D54AF8;
			productRefGroup = 8D7E809C2A21077300D54AF8 /* Products */;
			projectDirPath = "";
			projectRoot = "";
			targets = (
				8D7E809A2A21077300D54AF8 /* MyCV */,
			);
		};
/* End PBXProject section */

/* Begin PBXResourcesBuildPhase section */
		8D7E80992A21077300D54AF8 /* Resources */ = {
			isa = PBXResourcesBuildPhase;
			buildActionMask = 2147483647;
			files = (
				8D7E80AB2A21077500D54AF8 /* LaunchScreen.storyboard in Resources */,
				8D7E80A82A21077500D54AF8 /* Assets.xcassets in Resources */,
				8D7E80A62A21077300D54AF8 /* Main.storyboard in Resources */,
			);
			runOnlyForDeploymentPostprocessing = 0;
		};
/* End PBXResourcesBuildPhase section */

/* Begin PBXSourcesBuildPhase section */
		8D7E80972A21077300D54AF8 /* Sources */ = {
			isa = PBXSourcesBuildPhase;
			buildActionMask = 2147483647;
			files = (
				8D7E80BC2A24E10000D54AF8 /* MakeAppsVC.swift in Sources */,
				8D7E80C02A25296200D54AF8 /* FeedBackVC.swift in Sources */,
				8D7E80BE2A24E19800D54AF8 /* DailyRoutineVC.swift in Sources */,
				8D7E80A32A21077300D54AF8 /* ViewController.swift in Sources */,
				8D7E80B72A24DEAF00D54AF8 /* TabbarController.swift in Sources */,
				8D7E80B92A24E0BB00D54AF8 /* DigitalSkillsVC.swift in Sources */,
				8D7E809F2A21077300D54AF8 /* AppDelegate.swift in Sources */,
				8D7E80A12A21077300D54AF8 /* SceneDelegate.swift in Sources */,
			);
			runOnlyForDeploymentPostprocessing = 0;
		};
/* End PBXSourcesBuildPhase section */

/* Begin PBXVariantGroup section */
		8D7E80A42A21077300D54AF8 /* Main.storyboard */ = {
			isa = PBXVariantGroup;
			children = (
				8D7E80A52A21077300D54AF8 /* Base */,
			);
			name = Main.storyboard;
			sourceTree = "<group>";
		};
		8D7E80A92A21077500D54AF8 /* LaunchScreen.storyboard */ = {
			isa = PBXVariantGroup;
			children = (
				8D7E80AA2A21077500D54AF8 /* Base */,
			);
			name = LaunchScreen.storyboard;
			sourceTree = "<group>";
		};
/* End PBXVariantGroup section */

/* Begin XCBuildConfiguration section */
		8D7E80AD2A21077500D54AF8 /* Debug */ = {
			isa = XCBuildConfiguration;
			buildSettings = {
				ALWAYS_SEARCH_USER_PATHS = NO;
				CLANG_ANALYZER_NONNULL = YES;
				CLANG_ANALYZER_NUMBER_OBJECT_CONVERSION = YES_AGGRESSIVE;
				CLANG_CXX_LANGUAGE_STANDARD = "gnu++17";
				CLANG_ENABLE_MODULES = YES;
				CLANG_ENABLE_OBJC_ARC = YES;
				CLANG_ENABLE_OBJC_WEAK = YES;
				CLANG_WARN_BLOCK_CAPTURE_AUTORELEASING = YES;
				CLANG_WARN_BOOL_CONVERSION = YES;
				CLANG_WARN_COMMA = YES;
				CLANG_WARN_CONSTANT_CONVERSION = YES;
				CLANG_WARN_DEPRECATED_OBJC_IMPLEMENTATIONS = YES;
				CLANG_WARN_DIRECT_OBJC_ISA_USAGE = YES_ERROR;
				CLANG_WARN_DOCUMENTATION_COMMENTS = YES;
				CLANG_WARN_EMPTY_BODY = YES;
				CLANG_WARN_ENUM_CONVERSION = YES;
				CLANG_WARN_INFINITE_RECURSION = YES;
				CLANG_WARN_INT_CONVERSION = YES;
				CLANG_WARN_NON_LITERAL_NULL_CONVERSION = YES;
				CLANG_WARN_OBJC_IMPLICIT_RETAIN_SELF = YES;
				CLANG_WARN_OBJC_LITERAL_CONVERSION = YES;
				CLANG_WARN_OBJC_ROOT_CLASS = YES_ERROR;
				CLANG_WARN_QUOTED_INCLUDE_IN_FRAMEWORK_HEADER = YES;
				CLANG_WARN_RANGE_LOOP_ANALYSIS = YES;
				CLANG_WARN_STRICT_PROTOTYPES = YES;
				CLANG_WARN_SUSPICIOUS_MOVE = YES;
				CLANG_WARN_UNGUARDED_AVAILABILITY = YES_AGGRESSIVE;
				CLANG_WARN_UNREACHABLE_CODE = YES;
				CLANG_WARN__DUPLICATE_METHOD_MATCH = YES;
				COPY_PHASE_STRIP = NO;
				DEBUG_INFORMATION_FORMAT = dwarf;
				ENABLE_STRICT_OBJC_MSGSEND = YES;
				ENABLE_TESTABILITY = YES;
				GCC_C_LANGUAGE_STANDARD = gnu11;
				GCC_DYNAMIC_NO_PIC = NO;
				GCC_NO_COMMON_BLOCKS = YES;
				GCC_OPTIMIZATION_LEVEL = 0;
				GCC_PREPROCESSOR_DEFINITIONS = (
					"DEBUG=1",
					"$(inherited)",
				);
				GCC_WARN_64_TO_32_BIT_CONVERSION = YES;
				GCC_WARN_ABOUT_RETURN_TYPE = YES_ERROR;
				GCC_WARN_UNDECLARED_SELECTOR = YES;
				GCC_WARN_UNINITIALIZED_AUTOS = YES_AGGRESSIVE;
				GCC_WARN_UNUSED_FUNCTION = YES;
				GCC_WARN_UNUSED_VARIABLE = YES;
				IPHONEOS_DEPLOYMENT_TARGET = 15.5;
				MTL_ENABLE_DEBUG_INFO = INCLUDE_SOURCE;
				MTL_FAST_MATH = YES;
				ONLY_ACTIVE_ARCH = YES;
				SDKROOT = iphoneos;
				SWIFT_ACTIVE_COMPILATION_CONDITIONS = DEBUG;
				SWIFT_OPTIMIZATION_LEVEL = "-Onone";
			};
			name = Debug;
		};
		8D7E80AE2A21077500D54AF8 /* Release */ = {
			isa = XCBuildConfiguration;
			buildSettings = {
				ALWAYS_SEARCH_USER_PATHS = NO;
				CLANG_ANALYZER_NONNULL = YES;
				CLANG_ANALYZER_NUMBER_OBJECT_CONVERSION = YES_AGGRESSIVE;
				CLANG_CXX_LANGUAGE_STANDARD = "gnu++17";
				CLANG_ENABLE_MODULES = YES;
				CLANG_ENABLE_OBJC_ARC = YES;
				CLANG_ENABLE_OBJC_WEAK = YES;
				CLANG_WARN_BLOCK_CAPTURE_AUTORELEASING = YES;
				CLANG_WARN_BOOL_CONVERSION = YES;
				CLANG_WARN_COMMA = YES;
				CLANG_WARN_CONSTANT_CONVERSION = YES;
				CLANG_WARN_DEPRECATED_OBJC_IMPLEMENTATIONS = YES;
				CLANG_WARN_DIRECT_OBJC_ISA_USAGE = YES_ERROR;
				CLANG_WARN_DOCUMENTATION_COMMENTS = YES;
				CLANG_WARN_EMPTY_BODY = YES;
				CLANG_WARN_ENUM_CONVERSION = YES;
				CLANG_WARN_INFINITE_RECURSION = YES;
				CLANG_WARN_INT_CONVERSION = YES;
				CLANG_WARN_NON_LITERAL_NULL_CONVERSION = YES;
				CLANG_WARN_OBJC_IMPLICIT_RETAIN_SELF = YES;
				CLANG_WARN_OBJC_LITERAL_CONVERSION = YES;
				CLANG_WARN_OBJC_ROOT_CLASS = YES_ERROR;
				CLANG_WARN_QUOTED_INCLUDE_IN_FRAMEWORK_HEADER = YES;
				CLANG_WARN_RANGE_LOOP_ANALYSIS = YES;
				CLANG_WARN_STRICT_PROTOTYPES = YES;
				CLANG_WARN_SUSPICIOUS_MOVE = YES;
				CLANG_WARN_UNGUARDED_AVAILABILITY = YES_AGGRESSIVE;
				CLANG_WARN_UNREACHABLE_CODE = YES;
				CLANG_WARN__DUPLICATE_METHOD_MATCH = YES;
				COPY_PHASE_STRIP = NO;
				DEBUG_INFORMATION_FORMAT = "dwarf-with-dsym";
				ENABLE_NS_ASSERTIONS = NO;
				ENABLE_STRICT_OBJC_MSGSEND = YES;
				GCC_C_LANGUAGE_STANDARD = gnu11;
				GCC_NO_COMMON_BLOCKS = YES;
				GCC_WARN_64_TO_32_BIT_CONVERSION = YES;
				GCC_WARN_ABOUT_RETURN_TYPE = YES_ERROR;
				GCC_WARN_UNDECLARED_SELECTOR = YES;
				GCC_WARN_UNINITIALIZED_AUTOS = YES_AGGRESSIVE;
				GCC_WARN_UNUSED_FUNCTION = YES;
				GCC_WARN_UNUSED_VARIABLE = YES;
				IPHONEOS_DEPLOYMENT_TARGET = 15.5;
				MTL_ENABLE_DEBUG_INFO = NO;
				MTL_FAST_MATH = YES;
				SDKROOT = iphoneos;
				SWIFT_COMPILATION_MODE = wholemodule;
				SWIFT_OPTIMIZATION_LEVEL = "-O";
				VALIDATE_PRODUCT = YES;
			};
			name = Release;
		};
		8D7E80B02A21077500D54AF8 /* Debug */ = {
			isa = XCBuildConfiguration;
			buildSettings = {
				ASSETCATALOG_COMPILER_APPICON_NAME = AppIcon;
				ASSETCATALOG_COMPILER_GLOBAL_ACCENT_COLOR_NAME = AccentColor;
				CODE_SIGN_STYLE = Automatic;
				CURRENT_PROJECT_VERSION = 1;
				DEVELOPMENT_TEAM = YM66DH2MW6;
				GENERATE_INFOPLIST_FILE = YES;
				INFOPLIST_FILE = MyCV/Info.plist;
				INFOPLIST_KEY_UIApplicationSupportsIndirectInputEvents = YES;
				INFOPLIST_KEY_UILaunchStoryboardName = LaunchScreen;
				INFOPLIST_KEY_UIMainStoryboardFile = Main;
				INFOPLIST_KEY_UISupportedInterfaceOrientations_iPad = "UIInterfaceOrientationPortrait UIInterfaceOrientationPortraitUpsideDown UIInterfaceOrientationLandscapeLeft UIInterfaceOrientationLandscapeRight";
				INFOPLIST_KEY_UISupportedInterfaceOrientations_iPhone = "UIInterfaceOrientationPortrait UIInterfaceOrientationLandscapeLeft UIInterfaceOrientationLandscapeRight";
				LD_RUNPATH_SEARCH_PATHS = (
					"$(inherited)",
					"@executable_path/Frameworks",
				);
				MARKETING_VERSION = 1.0;
				PRODUCT_BUNDLE_IDENTIFIER = com.sukrusimsek.MyCV;
				PRODUCT_NAME = "$(TARGET_NAME)";
				SWIFT_EMIT_LOC_STRINGS = YES;
				SWIFT_VERSION = 5.0;
				TARGETED_DEVICE_FAMILY = "1,2";
			};
			name = Debug;
		};
		8D7E80B12A21077500D54AF8 /* Release */ = {
			isa = XCBuildConfiguration;
			buildSettings = {
				ASSETCATALOG_COMPILER_APPICON_NAME = AppIcon;
				ASSETCATALOG_COMPILER_GLOBAL_ACCENT_COLOR_NAME = AccentColor;
				CODE_SIGN_STYLE = Automatic;
				CURRENT_PROJECT_VERSION = 1;
				DEVELOPMENT_TEAM = YM66DH2MW6;
				GENERATE_INFOPLIST_FILE = YES;
				INFOPLIST_FILE = MyCV/Info.plist;
				INFOPLIST_KEY_UIApplicationSupportsIndirectInputEvents = YES;
				INFOPLIST_KEY_UILaunchStoryboardName = LaunchScreen;
				INFOPLIST_KEY_UIMainStoryboardFile = Main;
				INFOPLIST_KEY_UISupportedInterfaceOrientations_iPad = "UIInterfaceOrientationPortrait UIInterfaceOrientationPortraitUpsideDown UIInterfaceOrientationLandscapeLeft UIInterfaceOrientationLandscapeRight";
				INFOPLIST_KEY_UISupportedInterfaceOrientations_iPhone = "UIInterfaceOrientationPortrait UIInterfaceOrientationLandscapeLeft UIInterfaceOrientationLandscapeRight";
				LD_RUNPATH_SEARCH_PATHS = (
					"$(inherited)",
					"@executable_path/Frameworks",
				);
				MARKETING_VERSION = 1.0;
				PRODUCT_BUNDLE_IDENTIFIER = com.sukrusimsek.MyCV;
				PRODUCT_NAME = "$(TARGET_NAME)";
				SWIFT_EMIT_LOC_STRINGS = YES;
				SWIFT_VERSION = 5.0;
				TARGETED_DEVICE_FAMILY = "1,2";
			};
			name = Release;
		};
/* End XCBuildConfiguration section */

/* Begin XCConfigurationList section */
		8D7E80962A21077300D54AF8 /* Build configuration list for PBXProject "MyCV" */ = {
			isa = XCConfigurationList;
			buildConfigurations = (
				8D7E80AD2A21077500D54AF8 /* Debug */,
				8D7E80AE2A21077500D54AF8 /* Release */,
			);
			defaultConfigurationIsVisible = 0;
			defaultConfigurationName = Release;
		};
		8D7E80AF2A21077500D54AF8 /* Build configuration list for PBXNativeTarget "MyCV" */ = {
			isa = XCConfigurationList;
			buildConfigurations = (
				8D7E80B02A21077500D54AF8 /* Debug */,
				8D7E80B12A21077500D54AF8 /* Release */,
			);
			defaultConfigurationIsVisible = 0;
			defaultConfigurationName = Release;
		};
/* End XCConfigurationList section */
	};
	rootObject = 8D7E80932A21077300D54AF8 /* Project object */;
}
